<Solution>
  <Folder Name="/src/" />
  <Folder Name="/src/Api/">
    <Project Path="src/Api/AspireBlueGreen.Api.csproj" />
  </Folder>
  <Project Path="AspireBlueGreen.AppHost/AspireBlueGreen.AppHost.csproj" />
  <Project Path="AspireBlueGreen.ServiceDefaults/AspireBlueGreen.ServiceDefaults.csproj" />
</Solution>
